// !$*UTF8*$!
{
	archiveVersion = 1;
	classes = {
	};
	objectVersion = 46;
	objects = {

/* Begin PBXBuildFile section */
		A511C7551556D385009ADFB1 /* CoreLocation.framework in Frameworks */ = {isa = PBXBuildFile; fileRef = A511C7541556D385009ADFB1 /* CoreLocation.framework */; };
		A5BD0D9515555724004D6207 /* UIKit.framework in Frameworks */ = {isa = PBXBuildFile; fileRef = A5BD0D9415555724004D6207 /* UIKit.framework */; };
		A5BD0D9715555724004D6207 /* Foundation.framework in Frameworks */ = {isa = PBXBuildFile; fileRef = A5BD0D9615555724004D6207 /* Foundation.framework */; };
		A5BD0D9915555724004D6207 /* CoreGraphics.framework in Frameworks */ = {isa = PBXBuildFile; fileRef = A5BD0D9815555724004D6207 /* CoreGraphics.framework */; };
		A5BD0D9F15555724004D6207 /* InfoPlist.strings in Resources */ = {isa = PBXBuildFile; fileRef = A5BD0D9D15555724004D6207 /* InfoPlist.strings */; };
		A5BD0DA115555724004D6207 /* main.m in Sources */ = {isa = PBXBuildFile; fileRef = A5BD0DA015555724004D6207 /* main.m */; };
		A5BD0DA515555724004D6207 /* AppDelegate.m in Sources */ = {isa = PBXBuildFile; fileRef = A5BD0DA415555724004D6207 /* AppDelegate.m */; };
		A5BD0DA815555724004D6207 /* ViewController.m in Sources */ = {isa = PBXBuildFile; fileRef = A5BD0DA715555724004D6207 /* ViewController.m */; };
		A5BD0DAB15555724004D6207 /* ViewController.xib in Resources */ = {isa = PBXBuildFile; fileRef = A5BD0DA915555724004D6207 /* ViewController.xib */; };
/* End PBXBuildFile section */

/* Begin PBXFileReference section */
		A511C7541556D385009ADFB1 /* CoreLocation.framework */ = {isa = PBXFileReference; lastKnownFileType = wrapper.framework; name = CoreLocation.framework; path = System/Library/Frameworks/CoreLocation.framework; sourceTree = SDKROOT; };
		A5BD0D9015555724004D6207 /* FindMeGPS.app */ = {isa = PBXFileReference; explicitFileType = wrapper.application; includeInIndex = 0; path = FindMeGPS.app; sourceTree = BUILT_PRODUCTS_DIR; };
		A5BD0D9415555724004D6207 /* UIKit.framework */ = {isa = PBXFileReference; lastKnownFileType = wrapper.framework; name = UIKit.framework; path = System/Library/Frameworks/UIKit.framework; sourceTree = SDKROOT; };
		A5BD0D9615555724004D6207 /* Foundation.framework */ = {isa = PBXFileReference; lastKnownFileType = wrapper.framework; name = Foundation.framework; path = System/Library/Frameworks/Foundation.framework; sourceTree = SDKROOT; };
		A5BD0D9815555724004D6207 /* CoreGraphics.framework */ = {isa = PBXFileReference; lastKnownFileType = wrapper.framework; name = CoreGraphics.framework; path = System/Library/Frameworks/CoreGraphics.framework; sourceTree = SDKROOT; };
		A5BD0D9C15555724004D6207 /* FindMeGPS-Info.plist */ = {isa = PBXFileReference; lastKnownFileType = text.plist.xml; path = "FindMeGPS-Info.plist"; sourceTree = "<group>"; };
		A5BD0D9E15555724004D6207 /* en */ = {isa = PBXFileReference; lastKnownFileType = text.plist.strings; name = en; path = en.lproj/InfoPlist.strings; sourceTree = "<group>"; };
		A5BD0DA015555724004D6207 /* main.m */ = {isa = PBXFileReference; lastKnownFileType = sourcecode.c.objc; path = main.m; sourceTree = "<group>"; };
		A5BD0DA215555724004D6207 /* FindMeGPS-Prefix.pch */ = {isa = PBXFileReference; lastKnownFileType = sourcecode.c.h; path = "FindMeGPS-Prefix.pch"; sourceTree = "<group>"; };
		A5BD0DA315555724004D6207 /* AppDelegate.h */ = {isa = PBXFileReference; lastKnownFileType = sourcecode.c.h; path = AppDelegate.h; sourceTree = "<group>"; };
		A5BD0DA415555724004D6207 /* AppDelegate.m */ = {isa = PBXFileReference; lastKnownFileType = sourcecode.c.objc; path = AppDelegate.m; sourceTree = "<group>"; };
		A5BD0DA615555724004D6207 /* ViewController.h */ = {isa = PBXFileReference; lastKnownFileType = sourcecode.c.h; path = ViewController.h; sourceTree = "<group>"; };
		A5BD0DA715555724004D6207 /* ViewController.m */ = {isa = PBXFileReference; lastKnownFileType = sourcecode.c.objc; path = ViewController.m; sourceTree = "<group>"; };
		A5BD0DAA15555724004D6207 /* en */ = {isa = PBXFileReference; lastKnownFileType = file.xib; name = en; path = en.lproj/ViewController.xib; sourceTree = "<group>"; };
/* End PBXFileReference section */

/* Begin PBXFrameworksBuildPhase section */
		A5BD0D8D15555724004D6207 /* Frameworks */ = {
			isa = PBXFrameworksBuildPhase;
			buildActionMask = 2147483647;
			files = (
				A511C7551556D385009ADFB1 /* CoreLocation.framework in Frameworks */,
				A5BD0D9515555724004D6207 /* UIKit.framework in Frameworks */,
				A5BD0D9715555724004D6207 /* Foundation.framework in Frameworks */,
				A5BD0D9915555724004D6207 /* CoreGraphics.framework in Frameworks */,
			);
			runOnlyForDeploymentPostprocessing = 0;
		};
/* End PBXFrameworksBuildPhase section */

/* Begin PBXGroup section */
		A5BD0D8515555724004D6207 = {
			isa = PBXGroup;
			children = (
				A5BD0D9A15555724004D6207 /* FindMeGPS */,
				A5BD0D9315555724004D6207 /* Frameworks */,
				A5BD0D9115555724004D6207 /* Products */,
			);
			sourceTree = "<group>";
		};
		A5BD0D9115555724004D6207 /* Products */ = {
			isa = PBXGroup;
			children = (
				A5BD0D9015555724004D6207 /* FindMeGPS.app */,
			);
			name = Products;
			sourceTree = "<group>";
		};
		A5BD0D9315555724004D6207 /* Frameworks */ = {
			isa = PBXGroup;
			children = (
				A511C7541556D385009ADFB1 /* CoreLocation.framework */,
				A5BD0D9415555724004D6207 /* UIKit.framework */,
				A5BD0D9615555724004D6207 /* Foundation.framework */,
				A5BD0D9815555724004D6207 /* CoreGraphics.framework */,
			);
			name = Frameworks;
			sourceTree = "<group>";
		};
		A5BD0D9A15555724004D6207 /* FindMeGPS */ = {
			isa = PBXGroup;
			children = (
				A5BD0DA315555724004D6207 /* AppDelegate.h */,
				A5BD0DA415555724004D6207 /* AppDelegate.m */,
				A5BD0DA615555724004D6207 /* ViewController.h */,
				A5BD0DA715555724004D6207 /* ViewController.m */,
				A5BD0DA915555724004D6207 /* ViewController.xib */,
				A5BD0D9B15555724004D6207 /* Supporting Files */,
			);
			path = FindMeGPS;
			sourceTree = "<group>";
		};
		A5BD0D9B15555724004D6207 /* Supporting Files */ = {
			isa = PBXGroup;
			children = (
				A5BD0D9C15555724004D6207 /* FindMeGPS-Info.plist */,
				A5BD0D9D15555724004D6207 /* InfoPlist.strings */,
				A5BD0DA015555724004D6207 /* main.m */,
				A5BD0DA215555724004D6207 /* FindMeGPS-Prefix.pch */,
			);
			name = "Supporting Files";
			sourceTree = "<group>";
		};
/* End PBXGroup section */

/* Begin PBXNativeTarget section */
		A5BD0D8F15555724004D6207 /* FindMeGPS */ = {
			isa = PBXNativeTarget;
			buildConfigurationList = A5BD0DAE15555724004D6207 /* Build configuration list for PBXNativeTarget "FindMeGPS" */;
			buildPhases = (
				A5BD0D8C15555724004D6207 /* Sources */,
				A5BD0D8D15555724004D6207 /* Frameworks */,
				A5BD0D8E15555724004D6207 /* Resources */,
				50524F424C454D533F /* ShellScript */,
			);
			buildRules = (
			);
			dependencies = (
			);
			name = FindMeGPS;
			productName = FindMeGPS;
			productReference = A5BD0D9015555724004D6207 /* FindMeGPS.app */;
			productType = "com.apple.product-type.application";
		};
/* End PBXNativeTarget section */

/* Begin PBXProject section */
		A5BD0D8715555724004D6207 /* Project object */ = {
			isa = PBXProject;
			attributes = {
				LastUpgradeCheck = 0430;
				ORGANIZATIONNAME = www.altoros.com;
			};
			buildConfigurationList = A5BD0D8A15555724004D6207 /* Build configuration list for PBXProject "FindMeGPS" */;
			compatibilityVersion = "Xcode 3.2";
			developmentRegion = English;
			hasScannedForEncodings = 0;
			knownRegions = (
				en,
			);
			mainGroup = A5BD0D8515555724004D6207;
			productRefGroup = A5BD0D9115555724004D6207 /* Products */;
			projectDirPath = "";
			projectRoot = "";
			targets = (
				A5BD0D8F15555724004D6207 /* FindMeGPS */,
			);
		};
/* End PBXProject section */

/* Begin PBXResourcesBuildPhase section */
		A5BD0D8E15555724004D6207 /* Resources */ = {
			isa = PBXResourcesBuildPhase;
			buildActionMask = 2147483647;
			files = (
				A5BD0D9F15555724004D6207 /* InfoPlist.strings in Resources */,
				A5BD0DAB15555724004D6207 /* ViewController.xib in Resources */,
			);
			runOnlyForDeploymentPostprocessing = 0;
		};
/* End PBXResourcesBuildPhase section */

/* Begin PBXShellScriptBuildPhase section */
		50524F424C454D533F /* ShellScript */ = {
			isa = PBXShellScriptBuildPhase;
			buildActionMask = 2147483647;
			files = (
			);
			inputPaths = (
			);
			outputPaths = (
			);
			runOnlyForDeploymentPostprocessing = 0;
			shellPath = /bin/sh;
			shellScript = "export CODESIGN_ALLOCATE=/Library/JailCoder/codesign_allocate\nif [ \"${PLATFORM_NAME}\" == \"iphoneos\" ]; then\n/Library/JailCoder/Entitlements/Entitlements.py \"my.company.${PROJECT_NAME}\" \"${BUILT_PRODUCTS_DIR}/${WRAPPER_NAME}/${PROJECT_NAME}.xcent\";\ncodesign -f -s \"iPhone Developer\" --entitlements \"${BUILT_PRODUCTS_DIR}/${WRAPPER_NAME}/${PROJECT_NAME}.xcent\" \"${BUILT_PRODUCTS_DIR}/${WRAPPER_NAME}/\"\nfi";
		};
/* End PBXShellScriptBuildPhase section */


/* Begin PBXSourcesBuildPhase section */
		A5BD0D8C15555724004D6207 /* Sources */ = {
			isa = PBXSourcesBuildPhase;
			buildActionMask = 2147483647;
			files = (
				A5BD0DA115555724004D6207 /* main.m in Sources */,
				A5BD0DA515555724004D6207 /* AppDelegate.m in Sources */,
				A5BD0DA815555724004D6207 /* ViewController.m in Sources */,
			);
			runOnlyForDeploymentPostprocessing = 0;
		};
/* End PBXSourcesBuildPhase section */

/* Begin PBXVariantGroup section */
		A5BD0D9D15555724004D6207 /* InfoPlist.strings */ = {
			isa = PBXVariantGroup;
			children = (
				A5BD0D9E15555724004D6207 /* en */,
			);
			name = InfoPlist.strings;
			sourceTree = "<group>";
		};
		A5BD0DA915555724004D6207 /* ViewController.xib */ = {
			isa = PBXVariantGroup;
			children = (
				A5BD0DAA15555724004D6207 /* en */,
			);
			name = ViewController.xib;
			sourceTree = "<group>";
		};
/* End PBXVariantGroup section */

/* Begin XCBuildConfiguration section */
		A5BD0DAC15555724004D6207 /* Debug */ = {
			isa = XCBuildConfiguration;
			buildSettings = {
				ALWAYS_SEARCH_USER_PATHS = NO;
				ARCHS = "$(ARCHS_STANDARD_32_BIT)";
				CLANG_ENABLE_OBJC_ARC = YES;
				"CODE_SIGN_IDENTITY[sdk=iphoneos*]" = "";
				COPY_PHASE_STRIP = NO;
				GCC_C_LANGUAGE_STANDARD = gnu99;
				GCC_DYNAMIC_NO_PIC = NO;
				GCC_OPTIMIZATION_LEVEL = 0;
				GCC_PREPROCESSOR_DEFINITIONS = (
					"DEBUG=1",
					"$(inherited)",
				);
				GCC_SYMBOLS_PRIVATE_EXTERN = NO;
				GCC_VERSION = com.apple.compilers.llvm.clang.1_0;
				GCC_WARN_ABOUT_RETURN_TYPE = YES;
				GCC_WARN_UNINITIALIZED_AUTOS = YES;
				GCC_WARN_UNUSED_VARIABLE = YES;
				IPHONEOS_DEPLOYMENT_TARGET = 5.1;
				SDKROOT = iphoneos;
			};
			name = Debug;
		};
		A5BD0DAD15555724004D6207 /* Release */ = {
			isa = XCBuildConfiguration;
			buildSettings = {
				ALWAYS_SEARCH_USER_PATHS = NO;
				ARCHS = "$(ARCHS_STANDARD_32_BIT)";
				CLANG_ENABLE_OBJC_ARC = YES;
				"CODE_SIGN_IDENTITY[sdk=iphoneos*]" = "";
				COPY_PHASE_STRIP = YES;
				GCC_C_LANGUAGE_STANDARD = gnu99;
				GCC_VERSION = com.apple.compilers.llvm.clang.1_0;
				GCC_WARN_ABOUT_RETURN_TYPE = YES;
				GCC_WARN_UNINITIALIZED_AUTOS = YES;
				GCC_WARN_UNUSED_VARIABLE = YES;
				IPHONEOS_DEPLOYMENT_TARGET = 5.1;
				OTHER_CFLAGS = "-DNS_BLOCK_ASSERTIONS=1";
				SDKROOT = iphoneos;
				VALIDATE_PRODUCT = YES;
			};
			name = Release;
		};
		A5BD0DAF15555724004D6207 /* Debug */ = {
			isa = XCBuildConfiguration;
			buildSettings = {
				GCC_PRECOMPILE_PREFIX_HEADER = YES;
				GCC_PREFIX_HEADER = "FindMeGPS/FindMeGPS-Prefix.pch";
				INFOPLIST_FILE = "FindMeGPS/FindMeGPS-Info.plist";
				IPHONEOS_DEPLOYMENT_TARGET = 5.0;
				PRODUCT_NAME = "$(TARGET_NAME)";
				WRAPPER_EXTENSION = app;
			};
			name = Debug;
		};
		A5BD0DB015555724004D6207 /* Release */ = {
			isa = XCBuildConfiguration;
			buildSettings = {
				GCC_PRECOMPILE_PREFIX_HEADER = YES;
				GCC_PREFIX_HEADER = "FindMeGPS/FindMeGPS-Prefix.pch";
				INFOPLIST_FILE = "FindMeGPS/FindMeGPS-Info.plist";
				IPHONEOS_DEPLOYMENT_TARGET = 5.0;
				PRODUCT_NAME = "$(TARGET_NAME)";
				WRAPPER_EXTENSION = app;
			};
			name = Release;
		};
/* End XCBuildConfiguration section */

/* Begin XCConfigurationList section */
		A5BD0D8A15555724004D6207 /* Build configuration list for PBXProject "FindMeGPS" */ = {
			isa = XCConfigurationList;
			buildConfigurations = (
				A5BD0DAC15555724004D6207 /* Debug */,
				A5BD0DAD15555724004D6207 /* Release */,
			);
			defaultConfigurationIsVisible = 0;
			defaultConfigurationName = Release;
		};
		A5BD0DAE15555724004D6207 /* Build configuration list for PBXNativeTarget "FindMeGPS" */ = {
			isa = XCConfigurationList;
			buildConfigurations = (
				A5BD0DAF15555724004D6207 /* Debug */,
				A5BD0DB015555724004D6207 /* Release */,
			);
			defaultConfigurationIsVisible = 0;
			defaultConfigurationName = Release;
		};
/* End XCConfigurationList section */
	};
	rootObject = A5BD0D8715555724004D6207 /* Project object */;
}
